
Microsoft Visual Studio Solution File, Format Version 12.00
Project("{FAE04EC0-301F-11D3-BF4B-00C04F79EFBC}") = "SPPM", "SPPM\SPPM.csproj", "{9C16555B-B2B3-4D98-B960-9533FDDDA4D2}"
EndProject
Project("{2150E333-8FDC-42A3-9474-1A3956D46DE8}") = "Src", "Src", "{82D4E975-E907-4D33-AB0F-F87D085162ED}"
EndProject
Project("{2150E333-8FDC-42A3-9474-1A3956D46DE8}") = "Tests", "Tests", "{D1A41638-865A-4C8A-BF0B-7A1D9FA37121}"
EndProject
Project("{2150E333-8FDC-42A3-9474-1A3956D46DE8}") = "00_Presentation", "00_Presentation", "{F2896F10-83DC-4F60-915C-4F8E7C289EFC}"
EndProject
Project("{2150E333-8FDC-42A3-9474-1A3956D46DE8}") = "01_Application", "01_Application", "{2D4E906F-4F83-4F3A-8543-A4DB1E0FF324}"
EndProject
Project("{2150E333-8FDC-42A3-9474-1A3956D46DE8}") = "10_DomainModel", "10_DomainModel", "{0F5245E5-7292-4234-9D44-884828AAA5CC}"
EndProject
Project("{2150E333-8FDC-42A3-9474-1A3956D46DE8}") = "11_Infrastructure", "11_Infrastructure", "{F2E55BD9-F0CF-420A-8701-91007EF8AE6F}"
EndProject
Project("{FAE04EC0-301F-11D3-BF4B-00C04F79EFBC}") = "Views", "Views\Views.csproj", "{B1856570-EA10-4095-BCD8-5A090704F07A}"
EndProject
Project("{FAE04EC0-301F-11D3-BF4B-00C04F79EFBC}") = "ViewModels.Contracts", "ViewModels.Contracts\ViewModels.Contracts.csproj", "{B7699C47-D4CD-4D00-99EF-C48905918E5B}"
EndProject
Project("{FAE04EC0-301F-11D3-BF4B-00C04F79EFBC}") = "ViewModels", "ViewModels\ViewModels.csproj", "{DECE8C2A-442F-4B47-B32B-4670F344503C}"
EndProject
Project("{FAE04EC0-301F-11D3-BF4B-00C04F79EFBC}") = "DomainModel.Contracts", "DomainModel.Contracts\DomainModel.Contracts.csproj", "{7E532FFD-D596-41D2-9310-C9DFCDA30C98}"
EndProject
Project("{FAE04EC0-301F-11D3-BF4B-00C04F79EFBC}") = "Infrastructure.Contracts", "Infrastructure.Contracts\Infrastructure.Contracts.csproj", "{71E936ED-020B-4084-90F5-2E493DC71E7D}"
EndProject
Project("{2150E333-8FDC-42A3-9474-1A3956D46DE8}") = "00_Presentation", "00_Presentation", "{B9F62C91-414E-486D-8E1C-0BA633BD2FE7}"
EndProject
Project("{2150E333-8FDC-42A3-9474-1A3956D46DE8}") = "01_Application", "01_Application", "{ACC49805-CBD8-455E-A4FC-5D99679665B2}"
EndProject
Project("{2150E333-8FDC-42A3-9474-1A3956D46DE8}") = "10_Application", "10_Application", "{0040CC7D-98F7-446B-A4BA-1F38EDA9D7BF}"
EndProject
Project("{2150E333-8FDC-42A3-9474-1A3956D46DE8}") = "11_Infrastructure", "11_Infrastructure", "{6E7FDDC0-BDBE-43D1-AFF9-95AC5BA736D4}"
EndProject
Project("{FAE04EC0-301F-11D3-BF4B-00C04F79EFBC}") = "Application.Contracts", "Application.Contracts\Application.Contracts.csproj", "{091DDC66-374E-4D01-B002-00F967EDE2CF}"
EndProject
Project("{2150E333-8FDC-42A3-9474-1A3956D46DE8}") = "Documentation", "Documentation", "{CC0A8C77-C5FA-4361-8C1D-0CD0EC214748}"
EndProject
Project("{2150E333-8FDC-42A3-9474-1A3956D46DE8}") = "UML", "UML", "{D33D2115-9624-4BCC-A43A-BF9F94F68D6B}"
ProjectSection(SolutionItems) = preProject
	Documentation\UML\DomainModel.graphml = Documentation\UML\DomainModel.graphml
EndProjectSection
EndProject
Project("{2150E333-8FDC-42A3-9474-1A3956D46DE8}") = "Requirements", "Requirements", "{9563A039-705E-46F4-A707-D47A33040545}"
ProjectSection(SolutionItems) = preProject
	Documentation\Requirements\SimpleRequirements.txt = Documentation\Requirements\SimpleRequirements.txt
EndProjectSection
EndProject
Global
	GlobalSection(SolutionConfigurationPlatforms) = preSolution
		Debug|Any CPU = Debug|Any CPU
		Release|Any CPU = Release|Any CPU
	EndGlobalSection
	GlobalSection(ProjectConfigurationPlatforms) = postSolution
		{9C16555B-B2B3-4D98-B960-9533FDDDA4D2}.Debug|Any CPU.ActiveCfg = Debug|Any CPU
		{9C16555B-B2B3-4D98-B960-9533FDDDA4D2}.Debug|Any CPU.Build.0 = Debug|Any CPU
		{9C16555B-B2B3-4D98-B960-9533FDDDA4D2}.Release|Any CPU.ActiveCfg = Release|Any CPU
		{9C16555B-B2B3-4D98-B960-9533FDDDA4D2}.Release|Any CPU.Build.0 = Release|Any CPU
		{B1856570-EA10-4095-BCD8-5A090704F07A}.Debug|Any CPU.ActiveCfg = Debug|Any CPU
		{B1856570-EA10-4095-BCD8-5A090704F07A}.Debug|Any CPU.Build.0 = Debug|Any CPU
		{B1856570-EA10-4095-BCD8-5A090704F07A}.Release|Any CPU.ActiveCfg = Release|Any CPU
		{B1856570-EA10-4095-BCD8-5A090704F07A}.Release|Any CPU.Build.0 = Release|Any CPU
		{B7699C47-D4CD-4D00-99EF-C48905918E5B}.Debug|Any CPU.ActiveCfg = Debug|Any CPU
		{B7699C47-D4CD-4D00-99EF-C48905918E5B}.Debug|Any CPU.Build.0 = Debug|Any CPU
		{B7699C47-D4CD-4D00-99EF-C48905918E5B}.Release|Any CPU.ActiveCfg = Release|Any CPU
		{B7699C47-D4CD-4D00-99EF-C48905918E5B}.Release|Any CPU.Build.0 = Release|Any CPU
		{DECE8C2A-442F-4B47-B32B-4670F344503C}.Debug|Any CPU.ActiveCfg = Debug|Any CPU
		{DECE8C2A-442F-4B47-B32B-4670F344503C}.Debug|Any CPU.Build.0 = Debug|Any CPU
		{DECE8C2A-442F-4B47-B32B-4670F344503C}.Release|Any CPU.ActiveCfg = Release|Any CPU
		{DECE8C2A-442F-4B47-B32B-4670F344503C}.Release|Any CPU.Build.0 = Release|Any CPU
		{7E532FFD-D596-41D2-9310-C9DFCDA30C98}.Debug|Any CPU.ActiveCfg = Debug|Any CPU
		{7E532FFD-D596-41D2-9310-C9DFCDA30C98}.Debug|Any CPU.Build.0 = Debug|Any CPU
		{7E532FFD-D596-41D2-9310-C9DFCDA30C98}.Release|Any CPU.ActiveCfg = Release|Any CPU
		{7E532FFD-D596-41D2-9310-C9DFCDA30C98}.Release|Any CPU.Build.0 = Release|Any CPU
		{71E936ED-020B-4084-90F5-2E493DC71E7D}.Debug|Any CPU.ActiveCfg = Debug|Any CPU
		{71E936ED-020B-4084-90F5-2E493DC71E7D}.Debug|Any CPU.Build.0 = Debug|Any CPU
		{71E936ED-020B-4084-90F5-2E493DC71E7D}.Release|Any CPU.ActiveCfg = Release|Any CPU
		{71E936ED-020B-4084-90F5-2E493DC71E7D}.Release|Any CPU.Build.0 = Release|Any CPU
		{091DDC66-374E-4D01-B002-00F967EDE2CF}.Debug|Any CPU.ActiveCfg = Debug|Any CPU
		{091DDC66-374E-4D01-B002-00F967EDE2CF}.Debug|Any CPU.Build.0 = Debug|Any CPU
		{091DDC66-374E-4D01-B002-00F967EDE2CF}.Release|Any CPU.ActiveCfg = Release|Any CPU
		{091DDC66-374E-4D01-B002-00F967EDE2CF}.Release|Any CPU.Build.0 = Release|Any CPU
	EndGlobalSection
	GlobalSection(NestedProjects) = preSolution
		{F2896F10-83DC-4F60-915C-4F8E7C289EFC} = {82D4E975-E907-4D33-AB0F-F87D085162ED}
		{2D4E906F-4F83-4F3A-8543-A4DB1E0FF324} = {82D4E975-E907-4D33-AB0F-F87D085162ED}
		{0F5245E5-7292-4234-9D44-884828AAA5CC} = {82D4E975-E907-4D33-AB0F-F87D085162ED}
		{F2E55BD9-F0CF-420A-8701-91007EF8AE6F} = {82D4E975-E907-4D33-AB0F-F87D085162ED}
		{9C16555B-B2B3-4D98-B960-9533FDDDA4D2} = {2D4E906F-4F83-4F3A-8543-A4DB1E0FF324}
		{B1856570-EA10-4095-BCD8-5A090704F07A} = {F2896F10-83DC-4F60-915C-4F8E7C289EFC}
		{B7699C47-D4CD-4D00-99EF-C48905918E5B} = {F2896F10-83DC-4F60-915C-4F8E7C289EFC}
		{DECE8C2A-442F-4B47-B32B-4670F344503C} = {F2896F10-83DC-4F60-915C-4F8E7C289EFC}
		{7E532FFD-D596-41D2-9310-C9DFCDA30C98} = {0F5245E5-7292-4234-9D44-884828AAA5CC}
		{71E936ED-020B-4084-90F5-2E493DC71E7D} = {F2E55BD9-F0CF-420A-8701-91007EF8AE6F}
		{B9F62C91-414E-486D-8E1C-0BA633BD2FE7} = {D1A41638-865A-4C8A-BF0B-7A1D9FA37121}
		{ACC49805-CBD8-455E-A4FC-5D99679665B2} = {D1A41638-865A-4C8A-BF0B-7A1D9FA37121}
		{0040CC7D-98F7-446B-A4BA-1F38EDA9D7BF} = {D1A41638-865A-4C8A-BF0B-7A1D9FA37121}
		{6E7FDDC0-BDBE-43D1-AFF9-95AC5BA736D4} = {D1A41638-865A-4C8A-BF0B-7A1D9FA37121}
		{091DDC66-374E-4D01-B002-00F967EDE2CF} = {2D4E906F-4F83-4F3A-8543-A4DB1E0FF324}
		{D33D2115-9624-4BCC-A43A-BF9F94F68D6B} = {CC0A8C77-C5FA-4361-8C1D-0CD0EC214748}
		{9563A039-705E-46F4-A707-D47A33040545} = {CC0A8C77-C5FA-4361-8C1D-0CD0EC214748}
	EndGlobalSection
EndGlobal
